
Microsoft Visual Studio Solution File, Format Version 12.00
# Visual Studio Version 17
VisualStudioVersion = 17.5.33530.505
MinimumVisualStudioVersion = 10.0.40219.1
Project("{9A19103F-16F7-4668-BE54-9A1E7A4F7556}") = "JwtApp.Api", "JwtApp.Api\JwtApp.Api.csproj", "{CFF2FE1B-56F9-41FA-9163-54DCA6BE1278}"
EndProject
Project("{9A19103F-16F7-4668-BE54-9A1E7A4F7556}") = "JwtApp.Web", "JwtApp.Web\JwtApp.Web.csproj", "{9774DB89-E85A-439E-B9F2-0450439B558C}"
EndProject
Project("{2150E333-8FDC-42A3-9474-1A3956D46DE8}") = "Onion", "Onion", "{8AA2310E-EA2C-435F-B188-DA2E18B8C78F}"
EndProject
Project("{2150E333-8FDC-42A3-9474-1A3956D46DE8}") = "Presentation", "Presentation", "{939B3178-60DF-4016-9ECB-4BF32D6648B5}"
EndProject
Project("{2150E333-8FDC-42A3-9474-1A3956D46DE8}") = "Domain", "Domain", "{3E1A7A8E-0150-46D4-8A57-BE8DE1EA9930}"
EndProject
Project("{9A19103F-16F7-4668-BE54-9A1E7A4F7556}") = "JwtApp.Api", "Onion\Presentation\JwtApp.Api\JwtApp.Api.csproj", "{41F413C6-6BF4-46F9-886D-22B42426C1ED}"
EndProject
Project("{2150E333-8FDC-42A3-9474-1A3956D46DE8}") = "Core", "Core", "{37C3F9BE-41D1-4BE2-9F3B-DBF9F4417861}"
EndProject
Project("{2150E333-8FDC-42A3-9474-1A3956D46DE8}") = "Infrastructure", "Infrastructure", "{E3BEA181-C797-4AFA-BB84-153E579332B6}"
EndProject
Project("{9A19103F-16F7-4668-BE54-9A1E7A4F7556}") = "JwtApp.Domain", "Onion\Domain\JwtApp.Domaim\JwtApp.Domain.csproj", "{83C99FE6-3CFD-442B-B860-EB085F0BC819}"
EndProject
Project("{FAE04EC0-301F-11D3-BF4B-00C04F79EFBC}") = "JwtApp.Application", "Onion\Core\JwtApp.Application\JwtApp.Application.csproj", "{0E7B83C6-36C6-4B2C-8B48-E383303F8598}"
EndProject
Project("{FAE04EC0-301F-11D3-BF4B-00C04F79EFBC}") = "JwtApp.Persistance", "Onion\Infrastructure\JwtApp.Persistance\JwtApp.Persistance.csproj", "{AD7BCDE7-7FAF-474E-B326-651AB5E21E5C}"
EndProject
Global
	GlobalSection(SolutionConfigurationPlatforms) = preSolution
		Debug|Any CPU = Debug|Any CPU
		Release|Any CPU = Release|Any CPU
	EndGlobalSection
	GlobalSection(ProjectConfigurationPlatforms) = postSolution
		{CFF2FE1B-56F9-41FA-9163-54DCA6BE1278}.Debug|Any CPU.ActiveCfg = Debug|Any CPU
		{CFF2FE1B-56F9-41FA-9163-54DCA6BE1278}.Debug|Any CPU.Build.0 = Debug|Any CPU
		{CFF2FE1B-56F9-41FA-9163-54DCA6BE1278}.Release|Any CPU.ActiveCfg = Release|Any CPU
		{CFF2FE1B-56F9-41FA-9163-54DCA6BE1278}.Release|Any CPU.Build.0 = Release|Any CPU
		{9774DB89-E85A-439E-B9F2-0450439B558C}.Debug|Any CPU.ActiveCfg = Debug|Any CPU
		{9774DB89-E85A-439E-B9F2-0450439B558C}.Debug|Any CPU.Build.0 = Debug|Any CPU
		{9774DB89-E85A-439E-B9F2-0450439B558C}.Release|Any CPU.ActiveCfg = Release|Any CPU
		{9774DB89-E85A-439E-B9F2-0450439B558C}.Release|Any CPU.Build.0 = Release|Any CPU
		{41F413C6-6BF4-46F9-886D-22B42426C1ED}.Debug|Any CPU.ActiveCfg = Debug|Any CPU
		{41F413C6-6BF4-46F9-886D-22B42426C1ED}.Debug|Any CPU.Build.0 = Debug|Any CPU
		{41F413C6-6BF4-46F9-886D-22B42426C1ED}.Release|Any CPU.ActiveCfg = Release|Any CPU
		{41F413C6-6BF4-46F9-886D-22B42426C1ED}.Release|Any CPU.Build.0 = Release|Any CPU
		{83C99FE6-3CFD-442B-B860-EB085F0BC819}.Debug|Any CPU.ActiveCfg = Debug|Any CPU
		{83C99FE6-3CFD-442B-B860-EB085F0BC819}.Debug|Any CPU.Build.0 = Debug|Any CPU
		{83C99FE6-3CFD-442B-B860-EB085F0BC819}.Release|Any CPU.ActiveCfg = Release|Any CPU
		{83C99FE6-3CFD-442B-B860-EB085F0BC819}.Release|Any CPU.Build.0 = Release|Any CPU
		{0E7B83C6-36C6-4B2C-8B48-E383303F8598}.Debug|Any CPU.ActiveCfg = Debug|Any CPU
		{0E7B83C6-36C6-4B2C-8B48-E383303F8598}.Debug|Any CPU.Build.0 = Debug|Any CPU
		{0E7B83C6-36C6-4B2C-8B48-E383303F8598}.Release|Any CPU.ActiveCfg = Release|Any CPU
		{0E7B83C6-36C6-4B2C-8B48-E383303F8598}.Release|Any CPU.Build.0 = Release|Any CPU
		{AD7BCDE7-7FAF-474E-B326-651AB5E21E5C}.Debug|Any CPU.ActiveCfg = Debug|Any CPU
		{AD7BCDE7-7FAF-474E-B326-651AB5E21E5C}.Debug|Any CPU.Build.0 = Debug|Any CPU
		{AD7BCDE7-7FAF-474E-B326-651AB5E21E5C}.Release|Any CPU.ActiveCfg = Release|Any CPU
		{AD7BCDE7-7FAF-474E-B326-651AB5E21E5C}.Release|Any CPU.Build.0 = Release|Any CPU
	EndGlobalSection
	GlobalSection(SolutionProperties) = preSolution
		HideSolutionNode = FALSE
	EndGlobalSection
	GlobalSection(NestedProjects) = preSolution
		{939B3178-60DF-4016-9ECB-4BF32D6648B5} = {8AA2310E-EA2C-435F-B188-DA2E18B8C78F}
		{3E1A7A8E-0150-46D4-8A57-BE8DE1EA9930} = {8AA2310E-EA2C-435F-B188-DA2E18B8C78F}
		{41F413C6-6BF4-46F9-886D-22B42426C1ED} = {939B3178-60DF-4016-9ECB-4BF32D6648B5}
		{37C3F9BE-41D1-4BE2-9F3B-DBF9F4417861} = {8AA2310E-EA2C-435F-B188-DA2E18B8C78F}
		{E3BEA181-C797-4AFA-BB84-153E579332B6} = {8AA2310E-EA2C-435F-B188-DA2E18B8C78F}
		{83C99FE6-3CFD-442B-B860-EB085F0BC819} = {3E1A7A8E-0150-46D4-8A57-BE8DE1EA9930}
		{0E7B83C6-36C6-4B2C-8B48-E383303F8598} = {37C3F9BE-41D1-4BE2-9F3B-DBF9F4417861}
		{AD7BCDE7-7FAF-474E-B326-651AB5E21E5C} = {E3BEA181-C797-4AFA-BB84-153E579332B6}
	EndGlobalSection
	GlobalSection(ExtensibilityGlobals) = postSolution
		SolutionGuid = {CAD327BB-8A65-4D7C-8ADA-14F452DF5008}
	EndGlobalSection
EndGlobal
